// !$*UTF8*$!
{
	archiveVersion = 1;
	classes = {
	};
	objectVersion = 48;
	objects = {

/* Begin PBXBuildFile section */
		00130DC21FA1041800D8FBB6 /* AppDelegate.swift in Sources */ = {isa = PBXBuildFile; fileRef = 00130DC11FA1041800D8FBB6 /* AppDelegate.swift */; };
		00130DC91FA1041800D8FBB6 /* Main.storyboard in Resources */ = {isa = PBXBuildFile; fileRef = 00130DC71FA1041800D8FBB6 /* Main.storyboard */; };
		00130DCB1FA1041800D8FBB6 /* Assets.xcassets in Resources */ = {isa = PBXBuildFile; fileRef = 00130DCA1FA1041800D8FBB6 /* Assets.xcassets */; };
		00130DCE1FA1041800D8FBB6 /* LaunchScreen.storyboard in Resources */ = {isa = PBXBuildFile; fileRef = 00130DCC1FA1041800D8FBB6 /* LaunchScreen.storyboard */; };
		00130DD91FA1041800D8FBB6 /* MigraineTests.swift in Sources */ = {isa = PBXBuildFile; fileRef = 00130DD81FA1041800D8FBB6 /* MigraineTests.swift */; };
		00130DE41FA1041800D8FBB6 /* MigraineUITests.swift in Sources */ = {isa = PBXBuildFile; fileRef = 00130DE31FA1041800D8FBB6 /* MigraineUITests.swift */; };
		00130DF21FA11B7000D8FBB6 /* QuickAddMigraineViewController.swift in Sources */ = {isa = PBXBuildFile; fileRef = 00130DF11FA11B7000D8FBB6 /* QuickAddMigraineViewController.swift */; };
		00130DF71FA11F9700D8FBB6 /* User.swift in Sources */ = {isa = PBXBuildFile; fileRef = 00130DF61FA11F9700D8FBB6 /* User.swift */; };
		00130DF81FA11F9700D8FBB6 /* User.swift in Sources */ = {isa = PBXBuildFile; fileRef = 00130DF61FA11F9700D8FBB6 /* User.swift */; };
		00130DF91FA11F9700D8FBB6 /* User.swift in Sources */ = {isa = PBXBuildFile; fileRef = 00130DF61FA11F9700D8FBB6 /* User.swift */; };
		00130DFB1FA11FA300D8FBB6 /* DiaryEntry.swift in Sources */ = {isa = PBXBuildFile; fileRef = 00130DFA1FA11FA300D8FBB6 /* DiaryEntry.swift */; };
		00130DFC1FA11FA300D8FBB6 /* DiaryEntry.swift in Sources */ = {isa = PBXBuildFile; fileRef = 00130DFA1FA11FA300D8FBB6 /* DiaryEntry.swift */; };
		00130DFD1FA11FA300D8FBB6 /* DiaryEntry.swift in Sources */ = {isa = PBXBuildFile; fileRef = 00130DFA1FA11FA300D8FBB6 /* DiaryEntry.swift */; };
		00130DFF1FA11FB300D8FBB6 /* MigraineEntry.swift in Sources */ = {isa = PBXBuildFile; fileRef = 00130DFE1FA11FB300D8FBB6 /* MigraineEntry.swift */; };
		00130E001FA11FB300D8FBB6 /* MigraineEntry.swift in Sources */ = {isa = PBXBuildFile; fileRef = 00130DFE1FA11FB300D8FBB6 /* MigraineEntry.swift */; };
		00130E011FA11FB300D8FBB6 /* MigraineEntry.swift in Sources */ = {isa = PBXBuildFile; fileRef = 00130DFE1FA11FB300D8FBB6 /* MigraineEntry.swift */; };
		2CC8E154597690F01F3291B0 /* Pods_Migraine.framework in Frameworks */ = {isa = PBXBuildFile; fileRef = F8371EABA34DA36DF3F3B96C /* Pods_Migraine.framework */; };
		883C2A831FA255E000701D57 /* DiaryRootViewController.swift in Sources */ = {isa = PBXBuildFile; fileRef = 883C2A821FA255E000701D57 /* DiaryRootViewController.swift */; };
		883C2A841FA255E000701D57 /* DiaryRootViewController.swift in Sources */ = {isa = PBXBuildFile; fileRef = 883C2A821FA255E000701D57 /* DiaryRootViewController.swift */; };
		883C2A851FA255E000701D57 /* DiaryRootViewController.swift in Sources */ = {isa = PBXBuildFile; fileRef = 883C2A821FA255E000701D57 /* DiaryRootViewController.swift */; };
		883C2A8B1FA273F600701D57 /* LurkingMigraineViewController.swift in Sources */ = {isa = PBXBuildFile; fileRef = 883C2A8A1FA273F600701D57 /* LurkingMigraineViewController.swift */; };
		883C2A8C1FA273F600701D57 /* LurkingMigraineViewController.swift in Sources */ = {isa = PBXBuildFile; fileRef = 883C2A8A1FA273F600701D57 /* LurkingMigraineViewController.swift */; };
		883C2A8D1FA273F600701D57 /* LurkingMigraineViewController.swift in Sources */ = {isa = PBXBuildFile; fileRef = 883C2A8A1FA273F600701D57 /* LurkingMigraineViewController.swift */; };
		883C2A8F1FA2742500701D57 /* CurrentSymptomsViewController.swift in Sources */ = {isa = PBXBuildFile; fileRef = 883C2A8E1FA2742500701D57 /* CurrentSymptomsViewController.swift */; };
		883C2A901FA2742500701D57 /* CurrentSymptomsViewController.swift in Sources */ = {isa = PBXBuildFile; fileRef = 883C2A8E1FA2742500701D57 /* CurrentSymptomsViewController.swift */; };
		883C2A911FA2742500701D57 /* CurrentSymptomsViewController.swift in Sources */ = {isa = PBXBuildFile; fileRef = 883C2A8E1FA2742500701D57 /* CurrentSymptomsViewController.swift */; };
		883C2A931FA2745700701D57 /* CurrentTriggersViewController.swift in Sources */ = {isa = PBXBuildFile; fileRef = 883C2A921FA2745700701D57 /* CurrentTriggersViewController.swift */; };
		883C2A941FA2745700701D57 /* CurrentTriggersViewController.swift in Sources */ = {isa = PBXBuildFile; fileRef = 883C2A921FA2745700701D57 /* CurrentTriggersViewController.swift */; };
		883C2A951FA2745700701D57 /* CurrentTriggersViewController.swift in Sources */ = {isa = PBXBuildFile; fileRef = 883C2A921FA2745700701D57 /* CurrentTriggersViewController.swift */; };
		883C2A971FA2747C00701D57 /* CurrentPreventionsViewController.swift in Sources */ = {isa = PBXBuildFile; fileRef = 883C2A961FA2747C00701D57 /* CurrentPreventionsViewController.swift */; };
		883C2A981FA2747C00701D57 /* CurrentPreventionsViewController.swift in Sources */ = {isa = PBXBuildFile; fileRef = 883C2A961FA2747C00701D57 /* CurrentPreventionsViewController.swift */; };
		883C2A991FA2747C00701D57 /* CurrentPreventionsViewController.swift in Sources */ = {isa = PBXBuildFile; fileRef = 883C2A961FA2747C00701D57 /* CurrentPreventionsViewController.swift */; };
/* End PBXBuildFile section */

/* Begin PBXContainerItemProxy section */
		00130DD51FA1041800D8FBB6 /* PBXContainerItemProxy */ = {
			isa = PBXContainerItemProxy;
			containerPortal = 00130DB61FA1041800D8FBB6 /* Project object */;
			proxyType = 1;
			remoteGlobalIDString = 00130DBD1FA1041800D8FBB6;
			remoteInfo = Migraine;
		};
		00130DE01FA1041800D8FBB6 /* PBXContainerItemProxy */ = {
			isa = PBXContainerItemProxy;
			containerPortal = 00130DB61FA1041800D8FBB6 /* Project object */;
			proxyType = 1;
			remoteGlobalIDString = 00130DBD1FA1041800D8FBB6;
			remoteInfo = Migraine;
		};
/* End PBXContainerItemProxy section */

/* Begin PBXFileReference section */
		00130DBE1FA1041800D8FBB6 /* Migraine.app */ = {isa = PBXFileReference; explicitFileType = wrapper.application; includeInIndex = 0; path = Migraine.app; sourceTree = BUILT_PRODUCTS_DIR; };
		00130DC11FA1041800D8FBB6 /* AppDelegate.swift */ = {isa = PBXFileReference; lastKnownFileType = sourcecode.swift; path = AppDelegate.swift; sourceTree = "<group>"; };
		00130DC81FA1041800D8FBB6 /* Base */ = {isa = PBXFileReference; lastKnownFileType = file.storyboard; name = Base; path = Base.lproj/Main.storyboard; sourceTree = "<group>"; };
		00130DCA1FA1041800D8FBB6 /* Assets.xcassets */ = {isa = PBXFileReference; lastKnownFileType = folder.assetcatalog; path = Assets.xcassets; sourceTree = "<group>"; };
		00130DCD1FA1041800D8FBB6 /* Base */ = {isa = PBXFileReference; lastKnownFileType = file.storyboard; name = Base; path = Base.lproj/LaunchScreen.storyboard; sourceTree = "<group>"; };
		00130DCF1FA1041800D8FBB6 /* Info.plist */ = {isa = PBXFileReference; lastKnownFileType = text.plist.xml; path = Info.plist; sourceTree = "<group>"; };
		00130DD41FA1041800D8FBB6 /* MigraineTests.xctest */ = {isa = PBXFileReference; explicitFileType = wrapper.cfbundle; includeInIndex = 0; path = MigraineTests.xctest; sourceTree = BUILT_PRODUCTS_DIR; };
		00130DD81FA1041800D8FBB6 /* MigraineTests.swift */ = {isa = PBXFileReference; lastKnownFileType = sourcecode.swift; path = MigraineTests.swift; sourceTree = "<group>"; };
		00130DDA1FA1041800D8FBB6 /* Info.plist */ = {isa = PBXFileReference; lastKnownFileType = text.plist.xml; path = Info.plist; sourceTree = "<group>"; };
		00130DDF1FA1041800D8FBB6 /* MigraineUITests.xctest */ = {isa = PBXFileReference; explicitFileType = wrapper.cfbundle; includeInIndex = 0; path = MigraineUITests.xctest; sourceTree = BUILT_PRODUCTS_DIR; };
		00130DE31FA1041800D8FBB6 /* MigraineUITests.swift */ = {isa = PBXFileReference; lastKnownFileType = sourcecode.swift; path = MigraineUITests.swift; sourceTree = "<group>"; };
		00130DE51FA1041800D8FBB6 /* Info.plist */ = {isa = PBXFileReference; lastKnownFileType = text.plist.xml; path = Info.plist; sourceTree = "<group>"; };
		00130DF11FA11B7000D8FBB6 /* QuickAddMigraineViewController.swift */ = {isa = PBXFileReference; lastKnownFileType = sourcecode.swift; path = QuickAddMigraineViewController.swift; sourceTree = "<group>"; };
		00130DF61FA11F9700D8FBB6 /* User.swift */ = {isa = PBXFileReference; lastKnownFileType = sourcecode.swift; path = User.swift; sourceTree = "<group>"; };
		00130DFA1FA11FA300D8FBB6 /* DiaryEntry.swift */ = {isa = PBXFileReference; lastKnownFileType = sourcecode.swift; path = DiaryEntry.swift; sourceTree = "<group>"; };
		00130DFE1FA11FB300D8FBB6 /* MigraineEntry.swift */ = {isa = PBXFileReference; lastKnownFileType = sourcecode.swift; path = MigraineEntry.swift; sourceTree = "<group>"; };
		58DBE1C447B98507FE7D495F /* Pods-Migraine.release.xcconfig */ = {isa = PBXFileReference; includeInIndex = 1; lastKnownFileType = text.xcconfig; name = "Pods-Migraine.release.xcconfig"; path = "Pods/Target Support Files/Pods-Migraine/Pods-Migraine.release.xcconfig"; sourceTree = "<group>"; };
		883C2A821FA255E000701D57 /* DiaryRootViewController.swift */ = {isa = PBXFileReference; lastKnownFileType = sourcecode.swift; path = DiaryRootViewController.swift; sourceTree = "<group>"; };
		883C2A8A1FA273F600701D57 /* LurkingMigraineViewController.swift */ = {isa = PBXFileReference; lastKnownFileType = sourcecode.swift; path = LurkingMigraineViewController.swift; sourceTree = "<group>"; };
		883C2A8E1FA2742500701D57 /* CurrentSymptomsViewController.swift */ = {isa = PBXFileReference; lastKnownFileType = sourcecode.swift; path = CurrentSymptomsViewController.swift; sourceTree = "<group>"; };
		883C2A921FA2745700701D57 /* CurrentTriggersViewController.swift */ = {isa = PBXFileReference; lastKnownFileType = sourcecode.swift; path = CurrentTriggersViewController.swift; sourceTree = "<group>"; };
		883C2A961FA2747C00701D57 /* CurrentPreventionsViewController.swift */ = {isa = PBXFileReference; lastKnownFileType = sourcecode.swift; path = CurrentPreventionsViewController.swift; sourceTree = "<group>"; };
		94313455E2E5C6DA5E3D60C4 /* Pods-Migraine.debug.xcconfig */ = {isa = PBXFileReference; includeInIndex = 1; lastKnownFileType = text.xcconfig; name = "Pods-Migraine.debug.xcconfig"; path = "Pods/Target Support Files/Pods-Migraine/Pods-Migraine.debug.xcconfig"; sourceTree = "<group>"; };
		F8371EABA34DA36DF3F3B96C /* Pods_Migraine.framework */ = {isa = PBXFileReference; explicitFileType = wrapper.framework; includeInIndex = 0; path = Pods_Migraine.framework; sourceTree = BUILT_PRODUCTS_DIR; };
/* End PBXFileReference section */

/* Begin PBXFrameworksBuildPhase section */
		00130DBB1FA1041800D8FBB6 /* Frameworks */ = {
			isa = PBXFrameworksBuildPhase;
			buildActionMask = 2147483647;
			files = (
				2CC8E154597690F01F3291B0 /* Pods_Migraine.framework in Frameworks */,
			);
			runOnlyForDeploymentPostprocessing = 0;
		};
		00130DD11FA1041800D8FBB6 /* Frameworks */ = {
			isa = PBXFrameworksBuildPhase;
			buildActionMask = 2147483647;
			files = (
			);
			runOnlyForDeploymentPostprocessing = 0;
		};
		00130DDC1FA1041800D8FBB6 /* Frameworks */ = {
			isa = PBXFrameworksBuildPhase;
			buildActionMask = 2147483647;
			files = (
			);
			runOnlyForDeploymentPostprocessing = 0;
		};
/* End PBXFrameworksBuildPhase section */

/* Begin PBXGroup section */
		00130DB51FA1041800D8FBB6 = {
			isa = PBXGroup;
			children = (
				00130DC01FA1041800D8FBB6 /* Migraine */,
				00130DD71FA1041800D8FBB6 /* MigraineTests */,
				00130DE21FA1041800D8FBB6 /* MigraineUITests */,
				00130DBF1FA1041800D8FBB6 /* Products */,
				8E9F5B1C4C89C247023BEA76 /* Pods */,
				52E08A27F27E69F0A7124A05 /* Frameworks */,
			);
			sourceTree = "<group>";
		};
		00130DBF1FA1041800D8FBB6 /* Products */ = {
			isa = PBXGroup;
			children = (
				00130DBE1FA1041800D8FBB6 /* Migraine.app */,
				00130DD41FA1041800D8FBB6 /* MigraineTests.xctest */,
				00130DDF1FA1041800D8FBB6 /* MigraineUITests.xctest */,
			);
			name = Products;
			sourceTree = "<group>";
		};
		00130DC01FA1041800D8FBB6 /* Migraine */ = {
			isa = PBXGroup;
			children = (
				00130DC11FA1041800D8FBB6 /* AppDelegate.swift */,
				00130DF51FA11F7F00D8FBB6 /* Models */,
				00130E021FA120F200D8FBB6 /* ViewControllers */,
				00130DC71FA1041800D8FBB6 /* Main.storyboard */,
				00130DCA1FA1041800D8FBB6 /* Assets.xcassets */,
				00130DCC1FA1041800D8FBB6 /* LaunchScreen.storyboard */,
				00130DCF1FA1041800D8FBB6 /* Info.plist */,
			);
			path = Migraine;
			sourceTree = "<group>";
		};
		00130DD71FA1041800D8FBB6 /* MigraineTests */ = {
			isa = PBXGroup;
			children = (
				00130DD81FA1041800D8FBB6 /* MigraineTests.swift */,
				00130DDA1FA1041800D8FBB6 /* Info.plist */,
			);
			path = MigraineTests;
			sourceTree = "<group>";
		};
		00130DE21FA1041800D8FBB6 /* MigraineUITests */ = {
			isa = PBXGroup;
			children = (
				00130DE31FA1041800D8FBB6 /* MigraineUITests.swift */,
				00130DE51FA1041800D8FBB6 /* Info.plist */,
			);
			path = MigraineUITests;
			sourceTree = "<group>";
		};
		00130DF51FA11F7F00D8FBB6 /* Models */ = {
			isa = PBXGroup;
			children = (
				00130DF61FA11F9700D8FBB6 /* User.swift */,
				00130DFA1FA11FA300D8FBB6 /* DiaryEntry.swift */,
				00130DFE1FA11FB300D8FBB6 /* MigraineEntry.swift */,
			);
			path = Models;
			sourceTree = "<group>";
		};
		00130E021FA120F200D8FBB6 /* ViewControllers */ = {
			isa = PBXGroup;
			children = (
				00130DF11FA11B7000D8FBB6 /* QuickAddMigraineViewController.swift */,
				883C2A821FA255E000701D57 /* DiaryRootViewController.swift */,
				883C2A8A1FA273F600701D57 /* LurkingMigraineViewController.swift */,
				883C2A8E1FA2742500701D57 /* CurrentSymptomsViewController.swift */,
				883C2A921FA2745700701D57 /* CurrentTriggersViewController.swift */,
				883C2A961FA2747C00701D57 /* CurrentPreventionsViewController.swift */,
			);
			path = ViewControllers;
			sourceTree = "<group>";
		};
		52E08A27F27E69F0A7124A05 /* Frameworks */ = {
			isa = PBXGroup;
			children = (
				F8371EABA34DA36DF3F3B96C /* Pods_Migraine.framework */,
			);
			name = Frameworks;
			sourceTree = "<group>";
		};
		8E9F5B1C4C89C247023BEA76 /* Pods */ = {
			isa = PBXGroup;
			children = (
				94313455E2E5C6DA5E3D60C4 /* Pods-Migraine.debug.xcconfig */,
				58DBE1C447B98507FE7D495F /* Pods-Migraine.release.xcconfig */,
			);
			name = Pods;
			sourceTree = "<group>";
		};
/* End PBXGroup section */

/* Begin PBXNativeTarget section */
		00130DBD1FA1041800D8FBB6 /* Migraine */ = {
			isa = PBXNativeTarget;
			buildConfigurationList = 00130DE81FA1041800D8FBB6 /* Build configuration list for PBXNativeTarget "Migraine" */;
			buildPhases = (
				49C856FCCA6B51569B7F13A2 /* [CP] Check Pods Manifest.lock */,
				00130DBA1FA1041800D8FBB6 /* Sources */,
				00130DBB1FA1041800D8FBB6 /* Frameworks */,
				00130DBC1FA1041800D8FBB6 /* Resources */,
				4526F280F1C93789394DE7C9 /* [CP] Embed Pods Frameworks */,
				85DE0B2F5024FB3BA73E142B /* [CP] Copy Pods Resources */,
			);
			buildRules = (
			);
			dependencies = (
			);
			name = Migraine;
			productName = Migraine;
			productReference = 00130DBE1FA1041800D8FBB6 /* Migraine.app */;
			productType = "com.apple.product-type.application";
		};
		00130DD31FA1041800D8FBB6 /* MigraineTests */ = {
			isa = PBXNativeTarget;
			buildConfigurationList = 00130DEB1FA1041800D8FBB6 /* Build configuration list for PBXNativeTarget "MigraineTests" */;
			buildPhases = (
				00130DD01FA1041800D8FBB6 /* Sources */,
				00130DD11FA1041800D8FBB6 /* Frameworks */,
				00130DD21FA1041800D8FBB6 /* Resources */,
			);
			buildRules = (
			);
			dependencies = (
				00130DD61FA1041800D8FBB6 /* PBXTargetDependency */,
			);
			name = MigraineTests;
			productName = MigraineTests;
			productReference = 00130DD41FA1041800D8FBB6 /* MigraineTests.xctest */;
			productType = "com.apple.product-type.bundle.unit-test";
		};
		00130DDE1FA1041800D8FBB6 /* MigraineUITests */ = {
			isa = PBXNativeTarget;
			buildConfigurationList = 00130DEE1FA1041800D8FBB6 /* Build configuration list for PBXNativeTarget "MigraineUITests" */;
			buildPhases = (
				00130DDB1FA1041800D8FBB6 /* Sources */,
				00130DDC1FA1041800D8FBB6 /* Frameworks */,
				00130DDD1FA1041800D8FBB6 /* Resources */,
			);
			buildRules = (
			);
			dependencies = (
				00130DE11FA1041800D8FBB6 /* PBXTargetDependency */,
			);
			name = MigraineUITests;
			productName = MigraineUITests;
			productReference = 00130DDF1FA1041800D8FBB6 /* MigraineUITests.xctest */;
			productType = "com.apple.product-type.bundle.ui-testing";
		};
/* End PBXNativeTarget section */

/* Begin PBXProject section */
		00130DB61FA1041800D8FBB6 /* Project object */ = {
			isa = PBXProject;
			attributes = {
				LastSwiftUpdateCheck = 0900;
				LastUpgradeCheck = 0900;
				ORGANIZATIONNAME = MIT;
				TargetAttributes = {
					00130DBD1FA1041800D8FBB6 = {
						CreatedOnToolsVersion = 9.0.1;
						ProvisioningStyle = Automatic;
					};
					00130DD31FA1041800D8FBB6 = {
						CreatedOnToolsVersion = 9.0.1;
						ProvisioningStyle = Automatic;
						TestTargetID = 00130DBD1FA1041800D8FBB6;
					};
					00130DDE1FA1041800D8FBB6 = {
						CreatedOnToolsVersion = 9.0.1;
						ProvisioningStyle = Automatic;
						TestTargetID = 00130DBD1FA1041800D8FBB6;
					};
				};
			};
			buildConfigurationList = 00130DB91FA1041800D8FBB6 /* Build configuration list for PBXProject "Migraine" */;
			compatibilityVersion = "Xcode 8.0";
			developmentRegion = en;
			hasScannedForEncodings = 0;
			knownRegions = (
				en,
				Base,
			);
			mainGroup = 00130DB51FA1041800D8FBB6;
			productRefGroup = 00130DBF1FA1041800D8FBB6 /* Products */;
			projectDirPath = "";
			projectRoot = "";
			targets = (
				00130DBD1FA1041800D8FBB6 /* Migraine */,
				00130DD31FA1041800D8FBB6 /* MigraineTests */,
				00130DDE1FA1041800D8FBB6 /* MigraineUITests */,
			);
		};
/* End PBXProject section */

/* Begin PBXResourcesBuildPhase section */
		00130DBC1FA1041800D8FBB6 /* Resources */ = {
			isa = PBXResourcesBuildPhase;
			buildActionMask = 2147483647;
			files = (
				00130DCE1FA1041800D8FBB6 /* LaunchScreen.storyboard in Resources */,
				00130DCB1FA1041800D8FBB6 /* Assets.xcassets in Resources */,
				00130DC91FA1041800D8FBB6 /* Main.storyboard in Resources */,
			);
			runOnlyForDeploymentPostprocessing = 0;
		};
		00130DD21FA1041800D8FBB6 /* Resources */ = {
			isa = PBXResourcesBuildPhase;
			buildActionMask = 2147483647;
			files = (
			);
			runOnlyForDeploymentPostprocessing = 0;
		};
		00130DDD1FA1041800D8FBB6 /* Resources */ = {
			isa = PBXResourcesBuildPhase;
			buildActionMask = 2147483647;
			files = (
			);
			runOnlyForDeploymentPostprocessing = 0;
		};
/* End PBXResourcesBuildPhase section */

/* Begin PBXShellScriptBuildPhase section */
		4526F280F1C93789394DE7C9 /* [CP] Embed Pods Frameworks */ = {
			isa = PBXShellScriptBuildPhase;
			buildActionMask = 2147483647;
			files = (
			);
			inputPaths = (
				"${SRCROOT}/Pods/Target Support Files/Pods-Migraine/Pods-Migraine-frameworks.sh",
				"${BUILT_PRODUCTS_DIR}/GoogleToolboxForMac/GoogleToolboxForMac.framework",
				"${BUILT_PRODUCTS_DIR}/nanopb/nanopb.framework",
			);
			name = "[CP] Embed Pods Frameworks";
			outputPaths = (
				"${TARGET_BUILD_DIR}/${FRAMEWORKS_FOLDER_PATH}/GoogleToolboxForMac.framework",
				"${TARGET_BUILD_DIR}/${FRAMEWORKS_FOLDER_PATH}/nanopb.framework",
			);
			runOnlyForDeploymentPostprocessing = 0;
			shellPath = /bin/sh;
			shellScript = "\"${SRCROOT}/Pods/Target Support Files/Pods-Migraine/Pods-Migraine-frameworks.sh\"\n";
			showEnvVarsInLog = 0;
		};
		49C856FCCA6B51569B7F13A2 /* [CP] Check Pods Manifest.lock */ = {
			isa = PBXShellScriptBuildPhase;
			buildActionMask = 2147483647;
			files = (
			);
			inputPaths = (
				"${PODS_PODFILE_DIR_PATH}/Podfile.lock",
				"${PODS_ROOT}/Manifest.lock",
			);
			name = "[CP] Check Pods Manifest.lock";
			outputPaths = (
				"$(DERIVED_FILE_DIR)/Pods-Migraine-checkManifestLockResult.txt",
			);
			runOnlyForDeploymentPostprocessing = 0;
			shellPath = /bin/sh;
			shellScript = "diff \"${PODS_PODFILE_DIR_PATH}/Podfile.lock\" \"${PODS_ROOT}/Manifest.lock\" > /dev/null\nif [ $? != 0 ] ; then\n    # print error to STDERR\n    echo \"error: The sandbox is not in sync with the Podfile.lock. Run 'pod install' or update your CocoaPods installation.\" >&2\n    exit 1\nfi\n# This output is used by Xcode 'outputs' to avoid re-running this script phase.\necho \"SUCCESS\" > \"${SCRIPT_OUTPUT_FILE_0}\"\n";
			showEnvVarsInLog = 0;
		};
		85DE0B2F5024FB3BA73E142B /* [CP] Copy Pods Resources */ = {
			isa = PBXShellScriptBuildPhase;
			buildActionMask = 2147483647;
			files = (
			);
			inputPaths = (
			);
			name = "[CP] Copy Pods Resources";
			outputPaths = (
			);
			runOnlyForDeploymentPostprocessing = 0;
			shellPath = /bin/sh;
			shellScript = "\"${SRCROOT}/Pods/Target Support Files/Pods-Migraine/Pods-Migraine-resources.sh\"\n";
			showEnvVarsInLog = 0;
		};
/* End PBXShellScriptBuildPhase section */

/* Begin PBXSourcesBuildPhase section */
		00130DBA1FA1041800D8FBB6 /* Sources */ = {
			isa = PBXSourcesBuildPhase;
			buildActionMask = 2147483647;
			files = (
				883C2A971FA2747C00701D57 /* CurrentPreventionsViewController.swift in Sources */,
				00130DF21FA11B7000D8FBB6 /* QuickAddMigraineViewController.swift in Sources */,
				00130DFF1FA11FB300D8FBB6 /* MigraineEntry.swift in Sources */,
				00130DC21FA1041800D8FBB6 /* AppDelegate.swift in Sources */,
				883C2A8F1FA2742500701D57 /* CurrentSymptomsViewController.swift in Sources */,
				883C2A831FA255E000701D57 /* DiaryRootViewController.swift in Sources */,
				00130DF71FA11F9700D8FBB6 /* User.swift in Sources */,
				00130DFB1FA11FA300D8FBB6 /* DiaryEntry.swift in Sources */,
				883C2A931FA2745700701D57 /* CurrentTriggersViewController.swift in Sources */,
				883C2A8B1FA273F600701D57 /* LurkingMigraineViewController.swift in Sources */,
			);
			runOnlyForDeploymentPostprocessing = 0;
		};
		00130DD01FA1041800D8FBB6 /* Sources */ = {
			isa = PBXSourcesBuildPhase;
			buildActionMask = 2147483647;
			files = (
				00130DD91FA1041800D8FBB6 /* MigraineTests.swift in Sources */,
				883C2A8C1FA273F600701D57 /* LurkingMigraineViewController.swift in Sources */,
				00130E001FA11FB300D8FBB6 /* MigraineEntry.swift in Sources */,
				883C2A981FA2747C00701D57 /* CurrentPreventionsViewController.swift in Sources */,
				883C2A901FA2742500701D57 /* CurrentSymptomsViewController.swift in Sources */,
				883C2A841FA255E000701D57 /* DiaryRootViewController.swift in Sources */,
				00130DFC1FA11FA300D8FBB6 /* DiaryEntry.swift in Sources */,
				00130DF81FA11F9700D8FBB6 /* User.swift in Sources */,
				883C2A941FA2745700701D57 /* CurrentTriggersViewController.swift in Sources */,
			);
			runOnlyForDeploymentPostprocessing = 0;
		};
		00130DDB1FA1041800D8FBB6 /* Sources */ = {
			isa = PBXSourcesBuildPhase;
			buildActionMask = 2147483647;
			files = (
				00130DE41FA1041800D8FBB6 /* MigraineUITests.swift in Sources */,
				883C2A8D1FA273F600701D57 /* LurkingMigraineViewController.swift in Sources */,
				00130E011FA11FB300D8FBB6 /* MigraineEntry.swift in Sources */,
				883C2A991FA2747C00701D57 /* CurrentPreventionsViewController.swift in Sources */,
				883C2A911FA2742500701D57 /* CurrentSymptomsViewController.swift in Sources */,
				883C2A851FA255E000701D57 /* DiaryRootViewController.swift in Sources */,
				00130DFD1FA11FA300D8FBB6 /* DiaryEntry.swift in Sources */,
				00130DF91FA11F9700D8FBB6 /* User.swift in Sources */,
				883C2A951FA2745700701D57 /* CurrentTriggersViewController.swift in Sources */,
			);
			runOnlyForDeploymentPostprocessing = 0;
		};
/* End PBXSourcesBuildPhase section */

/* Begin PBXTargetDependency section */
		00130DD61FA1041800D8FBB6 /* PBXTargetDependency */ = {
			isa = PBXTargetDependency;
			target = 00130DBD1FA1041800D8FBB6 /* Migraine */;
			targetProxy = 00130DD51FA1041800D8FBB6 /* PBXContainerItemProxy */;
		};
		00130DE11FA1041800D8FBB6 /* PBXTargetDependency */ = {
			isa = PBXTargetDependency;
			target = 00130DBD1FA1041800D8FBB6 /* Migraine */;
			targetProxy = 00130DE01FA1041800D8FBB6 /* PBXContainerItemProxy */;
		};
/* End PBXTargetDependency section */

/* Begin PBXVariantGroup section */
		00130DC71FA1041800D8FBB6 /* Main.storyboard */ = {
			isa = PBXVariantGroup;
			children = (
				00130DC81FA1041800D8FBB6 /* Base */,
			);
			name = Main.storyboard;
			sourceTree = "<group>";
		};
		00130DCC1FA1041800D8FBB6 /* LaunchScreen.storyboard */ = {
			isa = PBXVariantGroup;
			children = (
				00130DCD1FA1041800D8FBB6 /* Base */,
			);
			name = LaunchScreen.storyboard;
			sourceTree = "<group>";
		};
/* End PBXVariantGroup section */

/* Begin XCBuildConfiguration section */
		00130DE61FA1041800D8FBB6 /* Debug */ = {
			isa = XCBuildConfiguration;
			buildSettings = {
				ALWAYS_SEARCH_USER_PATHS = NO;
				CLANG_ANALYZER_NONNULL = YES;
				CLANG_ANALYZER_NUMBER_OBJECT_CONVERSION = YES_AGGRESSIVE;
				CLANG_CXX_LANGUAGE_STANDARD = "gnu++14";
				CLANG_CXX_LIBRARY = "libc++";
				CLANG_ENABLE_MODULES = YES;
				CLANG_ENABLE_OBJC_ARC = YES;
				CLANG_WARN_BLOCK_CAPTURE_AUTORELEASING = YES;
				CLANG_WARN_BOOL_CONVERSION = YES;
				CLANG_WARN_COMMA = YES;
				CLANG_WARN_CONSTANT_CONVERSION = YES;
				CLANG_WARN_DIRECT_OBJC_ISA_USAGE = YES_ERROR;
				CLANG_WARN_DOCUMENTATION_COMMENTS = YES;
				CLANG_WARN_EMPTY_BODY = YES;
				CLANG_WARN_ENUM_CONVERSION = YES;
				CLANG_WARN_INFINITE_RECURSION = YES;
				CLANG_WARN_INT_CONVERSION = YES;
				CLANG_WARN_NON_LITERAL_NULL_CONVERSION = YES;
				CLANG_WARN_OBJC_LITERAL_CONVERSION = YES;
				CLANG_WARN_OBJC_ROOT_CLASS = YES_ERROR;
				CLANG_WARN_RANGE_LOOP_ANALYSIS = YES;
				CLANG_WARN_STRICT_PROTOTYPES = YES;
				CLANG_WARN_SUSPICIOUS_MOVE = YES;
				CLANG_WARN_UNGUARDED_AVAILABILITY = YES_AGGRESSIVE;
				CLANG_WARN_UNREACHABLE_CODE = YES;
				CLANG_WARN__DUPLICATE_METHOD_MATCH = YES;
				CODE_SIGN_IDENTITY = "iPhone Developer";
				COPY_PHASE_STRIP = NO;
				DEBUG_INFORMATION_FORMAT = dwarf;
				ENABLE_STRICT_OBJC_MSGSEND = YES;
				ENABLE_TESTABILITY = YES;
				GCC_C_LANGUAGE_STANDARD = gnu11;
				GCC_DYNAMIC_NO_PIC = NO;
				GCC_NO_COMMON_BLOCKS = YES;
				GCC_OPTIMIZATION_LEVEL = 0;
				GCC_PREPROCESSOR_DEFINITIONS = (
					"DEBUG=1",
					"$(inherited)",
				);
				GCC_WARN_64_TO_32_BIT_CONVERSION = YES;
				GCC_WARN_ABOUT_RETURN_TYPE = YES_ERROR;
				GCC_WARN_UNDECLARED_SELECTOR = YES;
				GCC_WARN_UNINITIALIZED_AUTOS = YES_AGGRESSIVE;
				GCC_WARN_UNUSED_FUNCTION = YES;
				GCC_WARN_UNUSED_VARIABLE = YES;
				IPHONEOS_DEPLOYMENT_TARGET = 11.0;
				MTL_ENABLE_DEBUG_INFO = YES;
				ONLY_ACTIVE_ARCH = YES;
				SDKROOT = iphoneos;
				SWIFT_ACTIVE_COMPILATION_CONDITIONS = DEBUG;
				SWIFT_OPTIMIZATION_LEVEL = "-Onone";
			};
			name = Debug;
		};
		00130DE71FA1041800D8FBB6 /* Release */ = {
			isa = XCBuildConfiguration;
			buildSettings = {
				ALWAYS_SEARCH_USER_PATHS = NO;
				CLANG_ANALYZER_NONNULL = YES;
				CLANG_ANALYZER_NUMBER_OBJECT_CONVERSION = YES_AGGRESSIVE;
				CLANG_CXX_LANGUAGE_STANDARD = "gnu++14";
				CLANG_CXX_LIBRARY = "libc++";
				CLANG_ENABLE_MODULES = YES;
				CLANG_ENABLE_OBJC_ARC = YES;
				CLANG_WARN_BLOCK_CAPTURE_AUTORELEASING = YES;
				CLANG_WARN_BOOL_CONVERSION = YES;
				CLANG_WARN_COMMA = YES;
				CLANG_WARN_CONSTANT_CONVERSION = YES;
				CLANG_WARN_DIRECT_OBJC_ISA_USAGE = YES_ERROR;
				CLANG_WARN_DOCUMENTATION_COMMENTS = YES;
				CLANG_WARN_EMPTY_BODY = YES;
				CLANG_WARN_ENUM_CONVERSION = YES;
				CLANG_WARN_INFINITE_RECURSION = YES;
				CLANG_WARN_INT_CONVERSION = YES;
				CLANG_WARN_NON_LITERAL_NULL_CONVERSION = YES;
				CLANG_WARN_OBJC_LITERAL_CONVERSION = YES;
				CLANG_WARN_OBJC_ROOT_CLASS = YES_ERROR;
				CLANG_WARN_RANGE_LOOP_ANALYSIS = YES;
				CLANG_WARN_STRICT_PROTOTYPES = YES;
				CLANG_WARN_SUSPICIOUS_MOVE = YES;
				CLANG_WARN_UNGUARDED_AVAILABILITY = YES_AGGRESSIVE;
				CLANG_WARN_UNREACHABLE_CODE = YES;
				CLANG_WARN__DUPLICATE_METHOD_MATCH = YES;
				CODE_SIGN_IDENTITY = "iPhone Developer";
				COPY_PHASE_STRIP = NO;
				DEBUG_INFORMATION_FORMAT = "dwarf-with-dsym";
				ENABLE_NS_ASSERTIONS = NO;
				ENABLE_STRICT_OBJC_MSGSEND = YES;
				GCC_C_LANGUAGE_STANDARD = gnu11;
				GCC_NO_COMMON_BLOCKS = YES;
				GCC_WARN_64_TO_32_BIT_CONVERSION = YES;
				GCC_WARN_ABOUT_RETURN_TYPE = YES_ERROR;
				GCC_WARN_UNDECLARED_SELECTOR = YES;
				GCC_WARN_UNINITIALIZED_AUTOS = YES_AGGRESSIVE;
				GCC_WARN_UNUSED_FUNCTION = YES;
				GCC_WARN_UNUSED_VARIABLE = YES;
				IPHONEOS_DEPLOYMENT_TARGET = 11.0;
				MTL_ENABLE_DEBUG_INFO = NO;
				SDKROOT = iphoneos;
				SWIFT_OPTIMIZATION_LEVEL = "-Owholemodule";
				VALIDATE_PRODUCT = YES;
			};
			name = Release;
		};
		00130DE91FA1041800D8FBB6 /* Debug */ = {
			isa = XCBuildConfiguration;
			baseConfigurationReference = 94313455E2E5C6DA5E3D60C4 /* Pods-Migraine.debug.xcconfig */;
			buildSettings = {
				ASSETCATALOG_COMPILER_APPICON_NAME = AppIcon;
				CODE_SIGN_STYLE = Automatic;
				INFOPLIST_FILE = Migraine/Info.plist;
				LD_RUNPATH_SEARCH_PATHS = "$(inherited) @executable_path/Frameworks";
				PRODUCT_BUNDLE_IDENTIFIER = com.mit.Migraine;
				PRODUCT_NAME = "$(TARGET_NAME)";
				SWIFT_VERSION = 4.0;
				TARGETED_DEVICE_FAMILY = "1,2";
			};
			name = Debug;
		};
		00130DEA1FA1041800D8FBB6 /* Release */ = {
			isa = XCBuildConfiguration;
			baseConfigurationReference = 58DBE1C447B98507FE7D495F /* Pods-Migraine.release.xcconfig */;
			buildSettings = {
				ASSETCATALOG_COMPILER_APPICON_NAME = AppIcon;
				CODE_SIGN_STYLE = Automatic;
				INFOPLIST_FILE = Migraine/Info.plist;
				LD_RUNPATH_SEARCH_PATHS = "$(inherited) @executable_path/Frameworks";
				PRODUCT_BUNDLE_IDENTIFIER = com.mit.Migraine;
				PRODUCT_NAME = "$(TARGET_NAME)";
				SWIFT_VERSION = 4.0;
				TARGETED_DEVICE_FAMILY = "1,2";
			};
			name = Release;
		};
		00130DEC1FA1041800D8FBB6 /* Debug */ = {
			isa = XCBuildConfiguration;
			buildSettings = {
				ALWAYS_EMBED_SWIFT_STANDARD_LIBRARIES = YES;
				BUNDLE_LOADER = "$(TEST_HOST)";
				CODE_SIGN_STYLE = Automatic;
				INFOPLIST_FILE = MigraineTests/Info.plist;
				LD_RUNPATH_SEARCH_PATHS = "$(inherited) @executable_path/Frameworks @loader_path/Frameworks";
				PRODUCT_BUNDLE_IDENTIFIER = com.mit.MigraineTests;
				PRODUCT_NAME = "$(TARGET_NAME)";
				SWIFT_VERSION = 4.0;
				TARGETED_DEVICE_FAMILY = "1,2";
				TEST_HOST = "$(BUILT_PRODUCTS_DIR)/Migraine.app/Migraine";
			};
			name = Debug;
		};
		00130DED1FA1041800D8FBB6 /* Release */ = {
			isa = XCBuildConfiguration;
			buildSettings = {
				ALWAYS_EMBED_SWIFT_STANDARD_LIBRARIES = YES;
				BUNDLE_LOADER = "$(TEST_HOST)";
				CODE_SIGN_STYLE = Automatic;
				INFOPLIST_FILE = MigraineTests/Info.plist;
				LD_RUNPATH_SEARCH_PATHS = "$(inherited) @executable_path/Frameworks @loader_path/Frameworks";
				PRODUCT_BUNDLE_IDENTIFIER = com.mit.MigraineTests;
				PRODUCT_NAME = "$(TARGET_NAME)";
				SWIFT_VERSION = 4.0;
				TARGETED_DEVICE_FAMILY = "1,2";
				TEST_HOST = "$(BUILT_PRODUCTS_DIR)/Migraine.app/Migraine";
			};
			name = Release;
		};
		00130DEF1FA1041800D8FBB6 /* Debug */ = {
			isa = XCBuildConfiguration;
			buildSettings = {
				ALWAYS_EMBED_SWIFT_STANDARD_LIBRARIES = YES;
				CODE_SIGN_STYLE = Automatic;
				INFOPLIST_FILE = MigraineUITests/Info.plist;
				LD_RUNPATH_SEARCH_PATHS = "$(inherited) @executable_path/Frameworks @loader_path/Frameworks";
				PRODUCT_BUNDLE_IDENTIFIER = com.mit.MigraineUITests;
				PRODUCT_NAME = "$(TARGET_NAME)";
				SWIFT_VERSION = 4.0;
				TARGETED_DEVICE_FAMILY = "1,2";
				TEST_TARGET_NAME = Migraine;
			};
			name = Debug;
		};
		00130DF01FA1041800D8FBB6 /* Release */ = {
			isa = XCBuildConfiguration;
			buildSettings = {
				ALWAYS_EMBED_SWIFT_STANDARD_LIBRARIES = YES;
				CODE_SIGN_STYLE = Automatic;
				INFOPLIST_FILE = MigraineUITests/Info.plist;
				LD_RUNPATH_SEARCH_PATHS = "$(inherited) @executable_path/Frameworks @loader_path/Frameworks";
				PRODUCT_BUNDLE_IDENTIFIER = com.mit.MigraineUITests;
				PRODUCT_NAME = "$(TARGET_NAME)";
				SWIFT_VERSION = 4.0;
				TARGETED_DEVICE_FAMILY = "1,2";
				TEST_TARGET_NAME = Migraine;
			};
			name = Release;
		};
/* End XCBuildConfiguration section */

/* Begin XCConfigurationList section */
		00130DB91FA1041800D8FBB6 /* Build configuration list for PBXProject "Migraine" */ = {
			isa = XCConfigurationList;
			buildConfigurations = (
				00130DE61FA1041800D8FBB6 /* Debug */,
				00130DE71FA1041800D8FBB6 /* Release */,
			);
			defaultConfigurationIsVisible = 0;
			defaultConfigurationName = Release;
		};
		00130DE81FA1041800D8FBB6 /* Build configuration list for PBXNativeTarget "Migraine" */ = {
			isa = XCConfigurationList;
			buildConfigurations = (
				00130DE91FA1041800D8FBB6 /* Debug */,
				00130DEA1FA1041800D8FBB6 /* Release */,
			);
			defaultConfigurationIsVisible = 0;
			defaultConfigurationName = Release;
		};
		00130DEB1FA1041800D8FBB6 /* Build configuration list for PBXNativeTarget "MigraineTests" */ = {
			isa = XCConfigurationList;
			buildConfigurations = (
				00130DEC1FA1041800D8FBB6 /* Debug */,
				00130DED1FA1041800D8FBB6 /* Release */,
			);
			defaultConfigurationIsVisible = 0;
			defaultConfigurationName = Release;
		};
		00130DEE1FA1041800D8FBB6 /* Build configuration list for PBXNativeTarget "MigraineUITests" */ = {
			isa = XCConfigurationList;
			buildConfigurations = (
				00130DEF1FA1041800D8FBB6 /* Debug */,
				00130DF01FA1041800D8FBB6 /* Release */,
			);
			defaultConfigurationIsVisible = 0;
			defaultConfigurationName = Release;
		};
/* End XCConfigurationList section */
	};
	rootObject = 00130DB61FA1041800D8FBB6 /* Project object */;
}
